
Microsoft Visual Studio Solution File, Format Version 12.00
# Visual Studio 15
VisualStudioVersion = 15.0.27703.2047
MinimumVisualStudioVersion = 10.0.40219.1
Project("{9A19103F-16F7-4668-BE54-9A1E7A4F7556}") = "Application.Web", "Application.Web\Application.Web.csproj", "{0977C276-C6BA-480F-993A-5B1E99E8EDDB}"
EndProject
Project("{2150E333-8FDC-42A3-9474-1A3956D46DE8}") = "SrvCornet", "SrvCornet", "{3FE3D326-3959-42A6-BF1E-16096608600C}"
EndProject
Project("{9A19103F-16F7-4668-BE54-9A1E7A4F7556}") = "SrvCornet.Dal.Rest", "SrvCornet\SrvCornet.Dal.Rest\SrvCornet.Dal.Rest.csproj", "{487413D0-9C69-4153-92C9-8A245495607C}"
EndProject
Project("{2150E333-8FDC-42A3-9474-1A3956D46DE8}") = "Common", "Common", "{CA37CE2C-847A-443A-BD12-6D2B59CA4861}"
EndProject
Project("{9A19103F-16F7-4668-BE54-9A1E7A4F7556}") = "Common.Data.Rest", "Common\Common.Data.Rest\Common.Data.Rest.csproj", "{300DCC93-3FFD-4013-AE92-56CAD504364D}"
EndProject
Project("{9A19103F-16F7-4668-BE54-9A1E7A4F7556}") = "SrvCornet.Core", "SrvCornet\SrvCornet.Core\SrvCornet.Core.csproj", "{085CF003-5188-401F-B0D4-74826B21CED9}"
EndProject
Project("{9A19103F-16F7-4668-BE54-9A1E7A4F7556}") = "SrvCornet.Http", "SrvCornet\SrvCornet.Http\SrvCornet.Http.csproj", "{0B81C98E-2F9C-4A1E-B768-FC2CBF76BB2D}"
EndProject
Global
	GlobalSection(SolutionConfigurationPlatforms) = preSolution
		Debug|Any CPU = Debug|Any CPU
		Release|Any CPU = Release|Any CPU
	EndGlobalSection
	GlobalSection(ProjectConfigurationPlatforms) = postSolution
		{0977C276-C6BA-480F-993A-5B1E99E8EDDB}.Debug|Any CPU.ActiveCfg = Debug|Any CPU
		{0977C276-C6BA-480F-993A-5B1E99E8EDDB}.Debug|Any CPU.Build.0 = Debug|Any CPU
		{0977C276-C6BA-480F-993A-5B1E99E8EDDB}.Release|Any CPU.ActiveCfg = Release|Any CPU
		{0977C276-C6BA-480F-993A-5B1E99E8EDDB}.Release|Any CPU.Build.0 = Release|Any CPU
		{487413D0-9C69-4153-92C9-8A245495607C}.Debug|Any CPU.ActiveCfg = Debug|Any CPU
		{487413D0-9C69-4153-92C9-8A245495607C}.Debug|Any CPU.Build.0 = Debug|Any CPU
		{487413D0-9C69-4153-92C9-8A245495607C}.Release|Any CPU.ActiveCfg = Release|Any CPU
		{487413D0-9C69-4153-92C9-8A245495607C}.Release|Any CPU.Build.0 = Release|Any CPU
		{300DCC93-3FFD-4013-AE92-56CAD504364D}.Debug|Any CPU.ActiveCfg = Debug|Any CPU
		{300DCC93-3FFD-4013-AE92-56CAD504364D}.Debug|Any CPU.Build.0 = Debug|Any CPU
		{300DCC93-3FFD-4013-AE92-56CAD504364D}.Release|Any CPU.ActiveCfg = Release|Any CPU
		{300DCC93-3FFD-4013-AE92-56CAD504364D}.Release|Any CPU.Build.0 = Release|Any CPU
		{085CF003-5188-401F-B0D4-74826B21CED9}.Debug|Any CPU.ActiveCfg = Debug|Any CPU
		{085CF003-5188-401F-B0D4-74826B21CED9}.Debug|Any CPU.Build.0 = Debug|Any CPU
		{085CF003-5188-401F-B0D4-74826B21CED9}.Release|Any CPU.ActiveCfg = Release|Any CPU
		{085CF003-5188-401F-B0D4-74826B21CED9}.Release|Any CPU.Build.0 = Release|Any CPU
		{0B81C98E-2F9C-4A1E-B768-FC2CBF76BB2D}.Debug|Any CPU.ActiveCfg = Debug|Any CPU
		{0B81C98E-2F9C-4A1E-B768-FC2CBF76BB2D}.Debug|Any CPU.Build.0 = Debug|Any CPU
		{0B81C98E-2F9C-4A1E-B768-FC2CBF76BB2D}.Release|Any CPU.ActiveCfg = Release|Any CPU
		{0B81C98E-2F9C-4A1E-B768-FC2CBF76BB2D}.Release|Any CPU.Build.0 = Release|Any CPU
	EndGlobalSection
	GlobalSection(SolutionProperties) = preSolution
		HideSolutionNode = FALSE
	EndGlobalSection
	GlobalSection(NestedProjects) = preSolution
		{487413D0-9C69-4153-92C9-8A245495607C} = {3FE3D326-3959-42A6-BF1E-16096608600C}
		{300DCC93-3FFD-4013-AE92-56CAD504364D} = {CA37CE2C-847A-443A-BD12-6D2B59CA4861}
		{085CF003-5188-401F-B0D4-74826B21CED9} = {3FE3D326-3959-42A6-BF1E-16096608600C}
		{0B81C98E-2F9C-4A1E-B768-FC2CBF76BB2D} = {3FE3D326-3959-42A6-BF1E-16096608600C}
	EndGlobalSection
	GlobalSection(ExtensibilityGlobals) = postSolution
		SolutionGuid = {0E1A0A94-D480-43BF-AF9D-0BC234311A0D}
	EndGlobalSection
EndGlobal
